{
  "version": 4,
  "terraform_version": "1.9.8",
  "serial": 94,
  "lineage": "80c8d4ed-34cd-8f20-24f7-d1f0196e22df",
  "outputs": {},
  "resources": [
    {
      "mode": "managed",
      "type": "azurerm_lb",
      "name": "activegate_lb",
      "provider": "provider[\"registry.terraform.io/hashicorp/azurerm\"]",
      "instances": [
        {
          "schema_version": 0,
          "attributes": {
            "edge_zone": "",
            "frontend_ip_configuration": [
              {
                "gateway_load_balancer_frontend_ip_configuration_id": "",
                "id": "/subscriptions/28d04284-c72f-4f90-9316-995c3e2a8435/resourceGroups/axa-pfe-rg/providers/Microsoft.Network/loadBalancers/activegate-loadbalancer/frontendIPConfigurations/activegate-frontend-ip",
                "inbound_nat_rules": [],
                "load_balancer_rules": [
                  "/subscriptions/28d04284-c72f-4f90-9316-995c3e2a8435/resourceGroups/axa-pfe-rg/providers/Microsoft.Network/loadBalancers/activegate-loadbalancer/loadBalancingRules/activegate-lb-rule"
                ],
                "name": "activegate-frontend-ip",
                "outbound_rules": [],
                "private_ip_address": "",
                "private_ip_address_allocation": "Dynamic",
                "private_ip_address_version": "",
                "public_ip_address_id": "/subscriptions/28d04284-c72f-4f90-9316-995c3e2a8435/resourceGroups/axa-pfe-rg/providers/Microsoft.Network/publicIPAddresses/activegate-lb-pip",
                "public_ip_prefix_id": "",
                "subnet_id": "",
                "zones": []
              }
            ],
            "id": "/subscriptions/28d04284-c72f-4f90-9316-995c3e2a8435/resourceGroups/axa-pfe-rg/providers/Microsoft.Network/loadBalancers/activegate-loadbalancer",
            "location": "westeurope",
            "name": "activegate-loadbalancer",
            "private_ip_address": "",
            "private_ip_addresses": [],
            "resource_group_name": "axa-pfe-rg",
            "sku": "Standard",
            "sku_tier": "Regional",
            "tags": {},
            "timeouts": null
          },
          "sensitive_attributes": [],
          "private": "eyJlMmJmYjczMC1lY2FhLTExZTYtOGY4OC0zNDM2M2JjN2M0YzAiOnsiY3JlYXRlIjoxODAwMDAwMDAwMDAwLCJkZWxldGUiOjE4MDAwMDAwMDAwMDAsInJlYWQiOjMwMDAwMDAwMDAwMCwidXBkYXRlIjoxODAwMDAwMDAwMDAwfX0=",
          "dependencies": [
            "azurerm_public_ip.activegate_lb_pip"
          ]
        }
      ]
    },
    {
      "mode": "managed",
      "type": "azurerm_lb_backend_address_pool",
      "name": "activegate_pool",
      "provider": "provider[\"registry.terraform.io/hashicorp/azurerm\"]",
      "instances": [
        {
          "schema_version": 0,
          "attributes": {
            "backend_ip_configurations": [
              "/subscriptions/28d04284-c72f-4f90-9316-995c3e2a8435/resourceGroups/axa-pfe-rg/providers/Microsoft.Network/networkInterfaces/vm-dynatrace-nic/ipConfigurations/internal",
              "/subscriptions/28d04284-c72f-4f90-9316-995c3e2a8435/resourceGroups/axa-pfe-rg/providers/Microsoft.Network/networkInterfaces/vm-orchestrator-nic/ipConfigurations/internal"
            ],
            "id": "/subscriptions/28d04284-c72f-4f90-9316-995c3e2a8435/resourceGroups/axa-pfe-rg/providers/Microsoft.Network/loadBalancers/activegate-loadbalancer/backendAddressPools/activegate-backend-pool",
            "inbound_nat_rules": [],
            "load_balancing_rules": [
              "/subscriptions/28d04284-c72f-4f90-9316-995c3e2a8435/resourceGroups/axa-pfe-rg/providers/Microsoft.Network/loadBalancers/activegate-loadbalancer/loadBalancingRules/activegate-lb-rule"
            ],
            "loadbalancer_id": "/subscriptions/28d04284-c72f-4f90-9316-995c3e2a8435/resourceGroups/axa-pfe-rg/providers/Microsoft.Network/loadBalancers/activegate-loadbalancer",
            "name": "activegate-backend-pool",
            "outbound_rules": [],
            "synchronous_mode": "",
            "timeouts": null,
            "tunnel_interface": [],
            "virtual_network_id": ""
          },
          "sensitive_attributes": [],
          "private": "eyJlMmJmYjczMC1lY2FhLTExZTYtOGY4OC0zNDM2M2JjN2M0YzAiOnsiY3JlYXRlIjoxODAwMDAwMDAwMDAwLCJkZWxldGUiOjE4MDAwMDAwMDAwMDAsInJlYWQiOjMwMDAwMDAwMDAwMCwidXBkYXRlIjoxODAwMDAwMDAwMDAwfX0=",
          "dependencies": [
            "azurerm_lb.activegate_lb",
            "azurerm_public_ip.activegate_lb_pip"
          ]
        }
      ]
    },
    {
      "mode": "managed",
      "type": "azurerm_lb_probe",
      "name": "activegate_probe",
      "provider": "provider[\"registry.terraform.io/hashicorp/azurerm\"]",
      "instances": [
        {
          "schema_version": 0,
          "attributes": {
            "id": "/subscriptions/28d04284-c72f-4f90-9316-995c3e2a8435/resourceGroups/axa-pfe-rg/providers/Microsoft.Network/loadBalancers/activegate-loadbalancer/probes/activegate-health-probe",
            "interval_in_seconds": 15,
            "load_balancer_rules": [
              "/subscriptions/28d04284-c72f-4f90-9316-995c3e2a8435/resourceGroups/axa-pfe-rg/providers/Microsoft.Network/loadBalancers/activegate-loadbalancer/loadBalancingRules/activegate-lb-rule"
            ],
            "loadbalancer_id": "/subscriptions/28d04284-c72f-4f90-9316-995c3e2a8435/resourceGroups/axa-pfe-rg/providers/Microsoft.Network/loadBalancers/activegate-loadbalancer",
            "name": "activegate-health-probe",
            "number_of_probes": 2,
            "port": 9999,
            "probe_threshold": 1,
            "protocol": "Tcp",
            "request_path": "",
            "timeouts": null
          },
          "sensitive_attributes": [],
          "private": "eyJlMmJmYjczMC1lY2FhLTExZTYtOGY4OC0zNDM2M2JjN2M0YzAiOnsiY3JlYXRlIjoxODAwMDAwMDAwMDAwLCJkZWxldGUiOjE4MDAwMDAwMDAwMDAsInJlYWQiOjMwMDAwMDAwMDAwMCwidXBkYXRlIjoxODAwMDAwMDAwMDAwfX0=",
          "dependencies": [
            "azurerm_lb.activegate_lb",
            "azurerm_public_ip.activegate_lb_pip"
          ]
        }
      ]
    },
    {
      "mode": "managed",
      "type": "azurerm_lb_rule",
      "name": "activegate_rule",
      "provider": "provider[\"registry.terraform.io/hashicorp/azurerm\"]",
      "instances": [
        {
          "schema_version": 0,
          "attributes": {
            "backend_address_pool_ids": [
              "/subscriptions/28d04284-c72f-4f90-9316-995c3e2a8435/resourceGroups/axa-pfe-rg/providers/Microsoft.Network/loadBalancers/activegate-loadbalancer/backendAddressPools/activegate-backend-pool"
            ],
            "backend_port": 9999,
            "disable_outbound_snat": false,
            "enable_floating_ip": false,
            "enable_tcp_reset": false,
            "frontend_ip_configuration_id": "/subscriptions/28d04284-c72f-4f90-9316-995c3e2a8435/resourceGroups/axa-pfe-rg/providers/Microsoft.Network/loadBalancers/activegate-loadbalancer/frontendIPConfigurations/activegate-frontend-ip",
            "frontend_ip_configuration_name": "activegate-frontend-ip",
            "frontend_port": 443,
            "id": "/subscriptions/28d04284-c72f-4f90-9316-995c3e2a8435/resourceGroups/axa-pfe-rg/providers/Microsoft.Network/loadBalancers/activegate-loadbalancer/loadBalancingRules/activegate-lb-rule",
            "idle_timeout_in_minutes": 4,
            "load_distribution": "Default",
            "loadbalancer_id": "/subscriptions/28d04284-c72f-4f90-9316-995c3e2a8435/resourceGroups/axa-pfe-rg/providers/Microsoft.Network/loadBalancers/activegate-loadbalancer",
            "name": "activegate-lb-rule",
            "probe_id": "/subscriptions/28d04284-c72f-4f90-9316-995c3e2a8435/resourceGroups/axa-pfe-rg/providers/Microsoft.Network/loadBalancers/activegate-loadbalancer/probes/activegate-health-probe",
            "protocol": "Tcp",
            "timeouts": null
          },
          "sensitive_attributes": [],
          "private": "eyJlMmJmYjczMC1lY2FhLTExZTYtOGY4OC0zNDM2M2JjN2M0YzAiOnsiY3JlYXRlIjoxODAwMDAwMDAwMDAwLCJkZWxldGUiOjE4MDAwMDAwMDAwMDAsInJlYWQiOjMwMDAwMDAwMDAwMCwidXBkYXRlIjoxODAwMDAwMDAwMDAwfX0=",
          "dependencies": [
            "azurerm_lb.activegate_lb",
            "azurerm_lb_backend_address_pool.activegate_pool",
            "azurerm_lb_probe.activegate_probe",
            "azurerm_public_ip.activegate_lb_pip"
          ]
        }
      ]
    },
    {
      "mode": "managed",
      "type": "azurerm_network_interface",
      "name": "nic",
      "provider": "provider[\"registry.terraform.io/hashicorp/azurerm\"]",
      "instances": [
        {
          "index_key": 0,
          "schema_version": 0,
          "attributes": {
            "accelerated_networking_enabled": false,
            "applied_dns_servers": [],
            "auxiliary_mode": "",
            "auxiliary_sku": "",
            "dns_servers": [],
            "edge_zone": "",
            "id": "/subscriptions/28d04284-c72f-4f90-9316-995c3e2a8435/resourceGroups/axa-pfe-rg/providers/Microsoft.Network/networkInterfaces/vm-orchestrator-nic",
            "internal_dns_name_label": "",
            "internal_domain_name_suffix": "kfuss2y4dmqevk2kuaue3cqg4h.ax.internal.cloudapp.net",
            "ip_configuration": [
              {
                "gateway_load_balancer_frontend_ip_configuration_id": "",
                "name": "internal",
                "primary": true,
                "private_ip_address": "10.0.1.4",
                "private_ip_address_allocation": "Dynamic",
                "private_ip_address_version": "IPv4",
                "public_ip_address_id": "/subscriptions/28d04284-c72f-4f90-9316-995c3e2a8435/resourceGroups/axa-pfe-rg/providers/Microsoft.Network/publicIPAddresses/vm-orchestrator-pip",
                "subnet_id": "/subscriptions/28d04284-c72f-4f90-9316-995c3e2a8435/resourceGroups/axa-pfe-rg/providers/Microsoft.Network/virtualNetworks/axa-pfe-vnet/subnets/axa-pfe-subnet"
              }
            ],
            "ip_forwarding_enabled": false,
            "location": "westeurope",
            "mac_address": "60-45-BD-94-26-83",
            "name": "vm-orchestrator-nic",
            "private_ip_address": "10.0.1.4",
            "private_ip_addresses": [
              "10.0.1.4"
            ],
            "resource_group_name": "axa-pfe-rg",
            "tags": {},
            "timeouts": null,
            "virtual_machine_id": "/subscriptions/28d04284-c72f-4f90-9316-995c3e2a8435/resourceGroups/axa-pfe-rg/providers/Microsoft.Compute/virtualMachines/vm-orchestrator"
          },
          "sensitive_attributes": [],
          "private": "eyJlMmJmYjczMC1lY2FhLTExZTYtOGY4OC0zNDM2M2JjN2M0YzAiOnsiY3JlYXRlIjoxODAwMDAwMDAwMDAwLCJkZWxldGUiOjE4MDAwMDAwMDAwMDAsInJlYWQiOjMwMDAwMDAwMDAwMCwidXBkYXRlIjoxODAwMDAwMDAwMDAwfX0=",
          "dependencies": [
            "azurerm_public_ip.public_ip",
            "azurerm_resource_group.rg",
            "azurerm_subnet.subnet",
            "azurerm_virtual_network.vnet"
          ]
        },
        {
          "index_key": 1,
          "schema_version": 0,
          "attributes": {
            "accelerated_networking_enabled": false,
            "applied_dns_servers": [],
            "auxiliary_mode": "",
            "auxiliary_sku": "",
            "dns_servers": [],
            "edge_zone": "",
            "id": "/subscriptions/28d04284-c72f-4f90-9316-995c3e2a8435/resourceGroups/axa-pfe-rg/providers/Microsoft.Network/networkInterfaces/vm-dynatrace-nic",
            "internal_dns_name_label": "",
            "internal_domain_name_suffix": "kfuss2y4dmqevk2kuaue3cqg4h.ax.internal.cloudapp.net",
            "ip_configuration": [
              {
                "gateway_load_balancer_frontend_ip_configuration_id": "",
                "name": "internal",
                "primary": true,
                "private_ip_address": "10.0.1.7",
                "private_ip_address_allocation": "Dynamic",
                "private_ip_address_version": "IPv4",
                "public_ip_address_id": "/subscriptions/28d04284-c72f-4f90-9316-995c3e2a8435/resourceGroups/axa-pfe-rg/providers/Microsoft.Network/publicIPAddresses/pip-axa-pfe-vnet-westeurope-axa-pfe-subnet",
                "subnet_id": "/subscriptions/28d04284-c72f-4f90-9316-995c3e2a8435/resourceGroups/axa-pfe-rg/providers/Microsoft.Network/virtualNetworks/axa-pfe-vnet/subnets/axa-pfe-subnet"
              }
            ],
            "ip_forwarding_enabled": false,
            "location": "westeurope",
            "mac_address": "7C-1E-52-73-8F-FD",
            "name": "vm-dynatrace-nic",
            "private_ip_address": "10.0.1.7",
            "private_ip_addresses": [
              "10.0.1.7"
            ],
            "resource_group_name": "axa-pfe-rg",
            "tags": {},
            "timeouts": null,
            "virtual_machine_id": "/subscriptions/28d04284-c72f-4f90-9316-995c3e2a8435/resourceGroups/axa-pfe-rg/providers/Microsoft.Compute/virtualMachines/vm-dynatrace"
          },
          "sensitive_attributes": [],
          "private": "eyJlMmJmYjczMC1lY2FhLTExZTYtOGY4OC0zNDM2M2JjN2M0YzAiOnsiY3JlYXRlIjoxODAwMDAwMDAwMDAwLCJkZWxldGUiOjE4MDAwMDAwMDAwMDAsInJlYWQiOjMwMDAwMDAwMDAwMCwidXBkYXRlIjoxODAwMDAwMDAwMDAwfX0=",
          "dependencies": [
            "azurerm_public_ip.public_ip",
            "azurerm_resource_group.rg",
            "azurerm_subnet.subnet",
            "azurerm_virtual_network.vnet"
          ]
        },
        {
          "index_key": 2,
          "schema_version": 0,
          "attributes": {
            "accelerated_networking_enabled": false,
            "applied_dns_servers": [],
            "auxiliary_mode": "",
            "auxiliary_sku": "",
            "dns_servers": [],
            "edge_zone": "",
            "id": "/subscriptions/28d04284-c72f-4f90-9316-995c3e2a8435/resourceGroups/axa-pfe-rg/providers/Microsoft.Network/networkInterfaces/vm-automation-nic",
            "internal_dns_name_label": "",
            "internal_domain_name_suffix": "kfuss2y4dmqevk2kuaue3cqg4h.ax.internal.cloudapp.net",
            "ip_configuration": [
              {
                "gateway_load_balancer_frontend_ip_configuration_id": "",
                "name": "internal",
                "primary": true,
                "private_ip_address": "10.0.1.6",
                "private_ip_address_allocation": "Dynamic",
                "private_ip_address_version": "IPv4",
                "public_ip_address_id": "",
                "subnet_id": "/subscriptions/28d04284-c72f-4f90-9316-995c3e2a8435/resourceGroups/axa-pfe-rg/providers/Microsoft.Network/virtualNetworks/axa-pfe-vnet/subnets/axa-pfe-subnet"
              }
            ],
            "ip_forwarding_enabled": false,
            "location": "westeurope",
            "mac_address": "7C-1E-52-83-88-E3",
            "name": "vm-automation-nic",
            "private_ip_address": "10.0.1.6",
            "private_ip_addresses": [
              "10.0.1.6"
            ],
            "resource_group_name": "axa-pfe-rg",
            "tags": {},
            "timeouts": null,
            "virtual_machine_id": "/subscriptions/28d04284-c72f-4f90-9316-995c3e2a8435/resourceGroups/axa-pfe-rg/providers/Microsoft.Compute/virtualMachines/vm-automation"
          },
          "sensitive_attributes": [],
          "private": "eyJlMmJmYjczMC1lY2FhLTExZTYtOGY4OC0zNDM2M2JjN2M0YzAiOnsiY3JlYXRlIjoxODAwMDAwMDAwMDAwLCJkZWxldGUiOjE4MDAwMDAwMDAwMDAsInJlYWQiOjMwMDAwMDAwMDAwMCwidXBkYXRlIjoxODAwMDAwMDAwMDAwfX0=",
          "dependencies": [
            "azurerm_public_ip.public_ip",
            "azurerm_resource_group.rg",
            "azurerm_subnet.subnet",
            "azurerm_virtual_network.vnet"
          ]
        },
        {
          "index_key": 3,
          "schema_version": 0,
          "attributes": {
            "accelerated_networking_enabled": false,
            "applied_dns_servers": [],
            "auxiliary_mode": "",
            "auxiliary_sku": "",
            "dns_servers": [],
            "edge_zone": "",
            "id": "/subscriptions/28d04284-c72f-4f90-9316-995c3e2a8435/resourceGroups/axa-pfe-rg/providers/Microsoft.Network/networkInterfaces/vm-backup-nic",
            "internal_dns_name_label": "",
            "internal_domain_name_suffix": "kfuss2y4dmqevk2kuaue3cqg4h.ax.internal.cloudapp.net",
            "ip_configuration": [
              {
                "gateway_load_balancer_frontend_ip_configuration_id": "",
                "name": "internal",
                "primary": true,
                "private_ip_address": "10.0.1.5",
                "private_ip_address_allocation": "Dynamic",
                "private_ip_address_version": "IPv4",
                "public_ip_address_id": "",
                "subnet_id": "/subscriptions/28d04284-c72f-4f90-9316-995c3e2a8435/resourceGroups/axa-pfe-rg/providers/Microsoft.Network/virtualNetworks/axa-pfe-vnet/subnets/axa-pfe-subnet"
              }
            ],
            "ip_forwarding_enabled": false,
            "location": "westeurope",
            "mac_address": "7C-ED-8D-0A-D7-35",
            "name": "vm-backup-nic",
            "private_ip_address": "10.0.1.5",
            "private_ip_addresses": [
              "10.0.1.5"
            ],
            "resource_group_name": "axa-pfe-rg",
            "tags": {},
            "timeouts": null,
            "virtual_machine_id": "/subscriptions/28d04284-c72f-4f90-9316-995c3e2a8435/resourceGroups/axa-pfe-rg/providers/Microsoft.Compute/virtualMachines/vm-backup"
          },
          "sensitive_attributes": [],
          "private": "eyJlMmJmYjczMC1lY2FhLTExZTYtOGY4OC0zNDM2M2JjN2M0YzAiOnsiY3JlYXRlIjoxODAwMDAwMDAwMDAwLCJkZWxldGUiOjE4MDAwMDAwMDAwMDAsInJlYWQiOjMwMDAwMDAwMDAwMCwidXBkYXRlIjoxODAwMDAwMDAwMDAwfX0=",
          "dependencies": [
            "azurerm_public_ip.public_ip",
            "azurerm_resource_group.rg",
            "azurerm_subnet.subnet",
            "azurerm_virtual_network.vnet"
          ]
        }
      ]
    },
    {
      "mode": "managed",
      "type": "azurerm_network_interface_backend_address_pool_association",
      "name": "ag1_lb_assoc",
      "provider": "provider[\"registry.terraform.io/hashicorp/azurerm\"]",
      "instances": [
        {
          "schema_version": 0,
          "attributes": {
            "backend_address_pool_id": "/subscriptions/28d04284-c72f-4f90-9316-995c3e2a8435/resourceGroups/axa-pfe-rg/providers/Microsoft.Network/loadBalancers/activegate-loadbalancer/backendAddressPools/activegate-backend-pool",
            "id": "/subscriptions/28d04284-c72f-4f90-9316-995c3e2a8435/resourceGroups/axa-pfe-rg/providers/Microsoft.Network/networkInterfaces/vm-orchestrator-nic/ipConfigurations/internal|/subscriptions/28d04284-c72f-4f90-9316-995c3e2a8435/resourceGroups/axa-pfe-rg/providers/Microsoft.Network/loadBalancers/activegate-loadbalancer/backendAddressPools/activegate-backend-pool",
            "ip_configuration_name": "internal",
            "network_interface_id": "/subscriptions/28d04284-c72f-4f90-9316-995c3e2a8435/resourceGroups/axa-pfe-rg/providers/Microsoft.Network/networkInterfaces/vm-orchestrator-nic",
            "timeouts": null
          },
          "sensitive_attributes": [],
          "private": "eyJlMmJmYjczMC1lY2FhLTExZTYtOGY4OC0zNDM2M2JjN2M0YzAiOnsiY3JlYXRlIjoxODAwMDAwMDAwMDAwLCJkZWxldGUiOjE4MDAwMDAwMDAwMDAsInJlYWQiOjMwMDAwMDAwMDAwMH19",
          "dependencies": [
            "azurerm_lb.activegate_lb",
            "azurerm_lb_backend_address_pool.activegate_pool",
            "azurerm_network_interface.nic",
            "azurerm_public_ip.activegate_lb_pip",
            "azurerm_public_ip.public_ip",
            "azurerm_resource_group.rg",
            "azurerm_subnet.subnet",
            "azurerm_virtual_network.vnet"
          ]
        }
      ]
    },
    {
      "mode": "managed",
      "type": "azurerm_network_interface_backend_address_pool_association",
      "name": "ag2_lb_assoc",
      "provider": "provider[\"registry.terraform.io/hashicorp/azurerm\"]",
      "instances": [
        {
          "schema_version": 0,
          "attributes": {
            "backend_address_pool_id": "/subscriptions/28d04284-c72f-4f90-9316-995c3e2a8435/resourceGroups/axa-pfe-rg/providers/Microsoft.Network/loadBalancers/activegate-loadbalancer/backendAddressPools/activegate-backend-pool",
            "id": "/subscriptions/28d04284-c72f-4f90-9316-995c3e2a8435/resourceGroups/axa-pfe-rg/providers/Microsoft.Network/networkInterfaces/vm-dynatrace-nic/ipConfigurations/internal|/subscriptions/28d04284-c72f-4f90-9316-995c3e2a8435/resourceGroups/axa-pfe-rg/providers/Microsoft.Network/loadBalancers/activegate-loadbalancer/backendAddressPools/activegate-backend-pool",
            "ip_configuration_name": "internal",
            "network_interface_id": "/subscriptions/28d04284-c72f-4f90-9316-995c3e2a8435/resourceGroups/axa-pfe-rg/providers/Microsoft.Network/networkInterfaces/vm-dynatrace-nic",
            "timeouts": null
          },
          "sensitive_attributes": [],
          "private": "eyJlMmJmYjczMC1lY2FhLTExZTYtOGY4OC0zNDM2M2JjN2M0YzAiOnsiY3JlYXRlIjoxODAwMDAwMDAwMDAwLCJkZWxldGUiOjE4MDAwMDAwMDAwMDAsInJlYWQiOjMwMDAwMDAwMDAwMH19",
          "dependencies": [
            "azurerm_lb.activegate_lb",
            "azurerm_lb_backend_address_pool.activegate_pool",
            "azurerm_network_interface.nic",
            "azurerm_public_ip.activegate_lb_pip",
            "azurerm_public_ip.public_ip",
            "azurerm_resource_group.rg",
            "azurerm_subnet.subnet",
            "azurerm_virtual_network.vnet"
          ]
        }
      ]
    },
    {
      "mode": "managed",
      "type": "azurerm_network_interface_security_group_association",
      "name": "nic_nsg_assoc",
      "provider": "provider[\"registry.terraform.io/hashicorp/azurerm\"]",
      "instances": [
        {
          "index_key": 0,
          "schema_version": 0,
          "attributes": {
            "id": "/subscriptions/28d04284-c72f-4f90-9316-995c3e2a8435/resourceGroups/axa-pfe-rg/providers/Microsoft.Network/networkInterfaces/vm-orchestrator-nic|/subscriptions/28d04284-c72f-4f90-9316-995c3e2a8435/resourceGroups/axa-pfe-rg/providers/Microsoft.Network/networkSecurityGroups/nsg-activegate",
            "network_interface_id": "/subscriptions/28d04284-c72f-4f90-9316-995c3e2a8435/resourceGroups/axa-pfe-rg/providers/Microsoft.Network/networkInterfaces/vm-orchestrator-nic",
            "network_security_group_id": "/subscriptions/28d04284-c72f-4f90-9316-995c3e2a8435/resourceGroups/axa-pfe-rg/providers/Microsoft.Network/networkSecurityGroups/nsg-activegate",
            "timeouts": null
          },
          "sensitive_attributes": [],
          "private": "eyJlMmJmYjczMC1lY2FhLTExZTYtOGY4OC0zNDM2M2JjN2M0YzAiOnsiY3JlYXRlIjoxODAwMDAwMDAwMDAwLCJkZWxldGUiOjE4MDAwMDAwMDAwMDAsInJlYWQiOjMwMDAwMDAwMDAwMH19",
          "dependencies": [
            "azurerm_network_interface.nic",
            "azurerm_network_security_group.nsg_ag",
            "azurerm_public_ip.public_ip",
            "azurerm_resource_group.rg",
            "azurerm_subnet.subnet",
            "azurerm_virtual_network.vnet"
          ]
        },
        {
          "index_key": 1,
          "schema_version": 0,
          "attributes": {
            "id": "/subscriptions/28d04284-c72f-4f90-9316-995c3e2a8435/resourceGroups/axa-pfe-rg/providers/Microsoft.Network/networkInterfaces/vm-dynatrace-nic|/subscriptions/28d04284-c72f-4f90-9316-995c3e2a8435/resourceGroups/axa-pfe-rg/providers/Microsoft.Network/networkSecurityGroups/nsg-activegate",
            "network_interface_id": "/subscriptions/28d04284-c72f-4f90-9316-995c3e2a8435/resourceGroups/axa-pfe-rg/providers/Microsoft.Network/networkInterfaces/vm-dynatrace-nic",
            "network_security_group_id": "/subscriptions/28d04284-c72f-4f90-9316-995c3e2a8435/resourceGroups/axa-pfe-rg/providers/Microsoft.Network/networkSecurityGroups/nsg-activegate",
            "timeouts": null
          },
          "sensitive_attributes": [],
          "private": "eyJlMmJmYjczMC1lY2FhLTExZTYtOGY4OC0zNDM2M2JjN2M0YzAiOnsiY3JlYXRlIjoxODAwMDAwMDAwMDAwLCJkZWxldGUiOjE4MDAwMDAwMDAwMDAsInJlYWQiOjMwMDAwMDAwMDAwMH0sInNjaGVtYV92ZXJzaW9uIjoiMCJ9",
          "dependencies": [
            "azurerm_network_interface.nic",
            "azurerm_network_security_group.nsg_ag",
            "azurerm_public_ip.public_ip",
            "azurerm_resource_group.rg",
            "azurerm_subnet.subnet",
            "azurerm_virtual_network.vnet"
          ]
        },
        {
          "index_key": 2,
          "schema_version": 0,
          "attributes": {
            "id": "/subscriptions/28d04284-c72f-4f90-9316-995c3e2a8435/resourceGroups/axa-pfe-rg/providers/Microsoft.Network/networkInterfaces/vm-automation-nic|/subscriptions/28d04284-c72f-4f90-9316-995c3e2a8435/resourceGroups/axa-pfe-rg/providers/Microsoft.Network/networkSecurityGroups/nsg-activegate",
            "network_interface_id": "/subscriptions/28d04284-c72f-4f90-9316-995c3e2a8435/resourceGroups/axa-pfe-rg/providers/Microsoft.Network/networkInterfaces/vm-automation-nic",
            "network_security_group_id": "/subscriptions/28d04284-c72f-4f90-9316-995c3e2a8435/resourceGroups/axa-pfe-rg/providers/Microsoft.Network/networkSecurityGroups/nsg-activegate",
            "timeouts": null
          },
          "sensitive_attributes": [],
          "private": "eyJlMmJmYjczMC1lY2FhLTExZTYtOGY4OC0zNDM2M2JjN2M0YzAiOnsiY3JlYXRlIjoxODAwMDAwMDAwMDAwLCJkZWxldGUiOjE4MDAwMDAwMDAwMDAsInJlYWQiOjMwMDAwMDAwMDAwMH19",
          "dependencies": [
            "azurerm_network_interface.nic",
            "azurerm_network_security_group.nsg_ag",
            "azurerm_public_ip.public_ip",
            "azurerm_resource_group.rg",
            "azurerm_subnet.subnet",
            "azurerm_virtual_network.vnet"
          ]
        },
        {
          "index_key": 3,
          "schema_version": 0,
          "attributes": {
            "id": "/subscriptions/28d04284-c72f-4f90-9316-995c3e2a8435/resourceGroups/axa-pfe-rg/providers/Microsoft.Network/networkInterfaces/vm-backup-nic|/subscriptions/28d04284-c72f-4f90-9316-995c3e2a8435/resourceGroups/axa-pfe-rg/providers/Microsoft.Network/networkSecurityGroups/nsg-activegate",
            "network_interface_id": "/subscriptions/28d04284-c72f-4f90-9316-995c3e2a8435/resourceGroups/axa-pfe-rg/providers/Microsoft.Network/networkInterfaces/vm-backup-nic",
            "network_security_group_id": "/subscriptions/28d04284-c72f-4f90-9316-995c3e2a8435/resourceGroups/axa-pfe-rg/providers/Microsoft.Network/networkSecurityGroups/nsg-activegate",
            "timeouts": null
          },
          "sensitive_attributes": [],
          "private": "eyJlMmJmYjczMC1lY2FhLTExZTYtOGY4OC0zNDM2M2JjN2M0YzAiOnsiY3JlYXRlIjoxODAwMDAwMDAwMDAwLCJkZWxldGUiOjE4MDAwMDAwMDAwMDAsInJlYWQiOjMwMDAwMDAwMDAwMH19",
          "dependencies": [
            "azurerm_network_interface.nic",
            "azurerm_network_security_group.nsg_ag",
            "azurerm_public_ip.public_ip",
            "azurerm_resource_group.rg",
            "azurerm_subnet.subnet",
            "azurerm_virtual_network.vnet"
          ]
        }
      ]
    },
    {
      "mode": "managed",
      "type": "azurerm_network_security_group",
      "name": "nsg_ag",
      "provider": "provider[\"registry.terraform.io/hashicorp/azurerm\"]",
      "instances": [
        {
          "schema_version": 0,
          "attributes": {
            "id": "/subscriptions/28d04284-c72f-4f90-9316-995c3e2a8435/resourceGroups/axa-pfe-rg/providers/Microsoft.Network/networkSecurityGroups/nsg-activegate",
            "location": "westeurope",
            "name": "nsg-activegate",
            "resource_group_name": "axa-pfe-rg",
            "security_rule": [
              {
                "access": "Allow",
                "description": "",
                "destination_address_prefix": "*",
                "destination_address_prefixes": [],
                "destination_application_security_group_ids": [],
                "destination_port_range": "",
                "destination_port_ranges": [
                  "22",
                  "3389"
                ],
                "direction": "Inbound",
                "name": "AllowAzureHealthProbe",
                "priority": 1012,
                "protocol": "Tcp",
                "source_address_prefix": "168.63.129.16",
                "source_address_prefixes": [],
                "source_application_security_group_ids": [],
                "source_port_range": "*",
                "source_port_ranges": []
              },
              {
                "access": "Allow",
                "description": "",
                "destination_address_prefix": "*",
                "destination_address_prefixes": [],
                "destination_application_security_group_ids": [],
                "destination_port_range": "",
                "destination_port_ranges": [
                  "443",
                  "9999"
                ],
                "direction": "Inbound",
                "name": "AllowAGPorts",
                "priority": 1002,
                "protocol": "Tcp",
                "source_address_prefix": "*",
                "source_address_prefixes": [],
                "source_application_security_group_ids": [],
                "source_port_range": "*",
                "source_port_ranges": []
              },
              {
                "access": "Allow",
                "description": "",
                "destination_address_prefix": "*",
                "destination_address_prefixes": [],
                "destination_application_security_group_ids": [],
                "destination_port_range": "22",
                "destination_port_ranges": [],
                "direction": "Inbound",
                "name": "AllowSSH",
                "priority": 1001,
                "protocol": "Tcp",
                "source_address_prefix": "*",
                "source_address_prefixes": [],
                "source_application_security_group_ids": [],
                "source_port_range": "*",
                "source_port_ranges": []
              }
            ],
            "tags": {},
            "timeouts": null
          },
          "sensitive_attributes": [],
          "private": "eyJlMmJmYjczMC1lY2FhLTExZTYtOGY4OC0zNDM2M2JjN2M0YzAiOnsiY3JlYXRlIjoxODAwMDAwMDAwMDAwLCJkZWxldGUiOjE4MDAwMDAwMDAwMDAsInJlYWQiOjMwMDAwMDAwMDAwMCwidXBkYXRlIjoxODAwMDAwMDAwMDAwfX0="
        }
      ]
    },
    {
      "mode": "managed",
      "type": "azurerm_public_ip",
      "name": "activegate_lb_pip",
      "provider": "provider[\"registry.terraform.io/hashicorp/azurerm\"]",
      "instances": [
        {
          "schema_version": 0,
          "attributes": {
            "allocation_method": "Static",
            "ddos_protection_mode": "VirtualNetworkInherited",
            "ddos_protection_plan_id": null,
            "domain_name_label": null,
            "domain_name_label_scope": null,
            "edge_zone": "",
            "fqdn": null,
            "id": "/subscriptions/28d04284-c72f-4f90-9316-995c3e2a8435/resourceGroups/axa-pfe-rg/providers/Microsoft.Network/publicIPAddresses/activegate-lb-pip",
            "idle_timeout_in_minutes": 4,
            "ip_address": "51.144.84.188",
            "ip_tags": {},
            "ip_version": "IPv4",
            "location": "westeurope",
            "name": "activegate-lb-pip",
            "public_ip_prefix_id": null,
            "resource_group_name": "axa-pfe-rg",
            "reverse_fqdn": null,
            "sku": "Standard",
            "sku_tier": "Regional",
            "tags": {},
            "timeouts": null,
            "zones": []
          },
          "sensitive_attributes": [],
          "private": "eyJlMmJmYjczMC1lY2FhLTExZTYtOGY4OC0zNDM2M2JjN2M0YzAiOnsiY3JlYXRlIjoxODAwMDAwMDAwMDAwLCJkZWxldGUiOjE4MDAwMDAwMDAwMDAsInJlYWQiOjMwMDAwMDAwMDAwMCwidXBkYXRlIjoxODAwMDAwMDAwMDAwfX0="
        }
      ]
    },
    {
      "mode": "managed",
      "type": "azurerm_public_ip",
      "name": "dynatrace_ip",
      "provider": "provider[\"registry.terraform.io/hashicorp/azurerm\"]",
      "instances": [
        {
          "schema_version": 0,
          "attributes": {
            "allocation_method": "Static",
            "ddos_protection_mode": "VirtualNetworkInherited",
            "ddos_protection_plan_id": null,
            "domain_name_label": null,
            "domain_name_label_scope": null,
            "edge_zone": "",
            "fqdn": null,
            "id": "/subscriptions/28d04284-c72f-4f90-9316-995c3e2a8435/resourceGroups/axa-pfe-rg/providers/Microsoft.Network/publicIPAddresses/pip-axa-pfe-vnet-westeurope-axa-pfe-subnet",
            "idle_timeout_in_minutes": 4,
            "ip_address": "51.144.164.119",
            "ip_tags": {},
            "ip_version": "IPv4",
            "location": "westeurope",
            "name": "pip-axa-pfe-vnet-westeurope-axa-pfe-subnet",
            "public_ip_prefix_id": null,
            "resource_group_name": "axa-pfe-rg",
            "reverse_fqdn": null,
            "sku": "Standard",
            "sku_tier": "Regional",
            "tags": {},
            "timeouts": null,
            "zones": []
          },
          "sensitive_attributes": [],
          "private": "eyJlMmJmYjczMC1lY2FhLTExZTYtOGY4OC0zNDM2M2JjN2M0YzAiOnsiY3JlYXRlIjoxODAwMDAwMDAwMDAwLCJkZWxldGUiOjE4MDAwMDAwMDAwMDAsInJlYWQiOjMwMDAwMDAwMDAwMCwidXBkYXRlIjoxODAwMDAwMDAwMDAwfSwic2NoZW1hX3ZlcnNpb24iOiIwIn0="
        }
      ]
    },
    {
      "mode": "managed",
      "type": "azurerm_public_ip",
      "name": "orchestrator_ip",
      "provider": "provider[\"registry.terraform.io/hashicorp/azurerm\"]",
      "instances": [
        {
          "schema_version": 0,
          "attributes": {
            "allocation_method": "Static",
            "ddos_protection_mode": "VirtualNetworkInherited",
            "ddos_protection_plan_id": null,
            "domain_name_label": null,
            "domain_name_label_scope": null,
            "edge_zone": "",
            "fqdn": null,
            "id": "/subscriptions/28d04284-c72f-4f90-9316-995c3e2a8435/resourceGroups/axa-pfe-rg/providers/Microsoft.Network/publicIPAddresses/vm-orchestrator-pip",
            "idle_timeout_in_minutes": 4,
            "ip_address": "20.73.51.216",
            "ip_tags": {},
            "ip_version": "IPv4",
            "location": "westeurope",
            "name": "vm-orchestrator-pip",
            "public_ip_prefix_id": null,
            "resource_group_name": "axa-pfe-rg",
            "reverse_fqdn": null,
            "sku": "Standard",
            "sku_tier": "Regional",
            "tags": {},
            "timeouts": null,
            "zones": []
          },
          "sensitive_attributes": [],
          "private": "eyJlMmJmYjczMC1lY2FhLTExZTYtOGY4OC0zNDM2M2JjN2M0YzAiOnsiY3JlYXRlIjoxODAwMDAwMDAwMDAwLCJkZWxldGUiOjE4MDAwMDAwMDAwMDAsInJlYWQiOjMwMDAwMDAwMDAwMCwidXBkYXRlIjoxODAwMDAwMDAwMDAwfSwic2NoZW1hX3ZlcnNpb24iOiIwIn0="
        }
      ]
    },
    {
      "mode": "managed",
      "type": "azurerm_public_ip",
      "name": "public_ip",
      "provider": "provider[\"registry.terraform.io/hashicorp/azurerm\"]",
      "instances": [
        {
          "schema_version": 0,
          "attributes": {
            "allocation_method": "Static",
            "ddos_protection_mode": "VirtualNetworkInherited",
            "ddos_protection_plan_id": null,
            "domain_name_label": null,
            "domain_name_label_scope": null,
            "edge_zone": "",
            "fqdn": null,
            "id": "/subscriptions/28d04284-c72f-4f90-9316-995c3e2a8435/resourceGroups/axa-pfe-rg/providers/Microsoft.Network/publicIPAddresses/vm-orchestrator-pip",
            "idle_timeout_in_minutes": 4,
            "ip_address": "20.73.51.216",
            "ip_tags": {},
            "ip_version": "IPv4",
            "location": "westeurope",
            "name": "vm-orchestrator-pip",
            "public_ip_prefix_id": null,
            "resource_group_name": "axa-pfe-rg",
            "reverse_fqdn": null,
            "sku": "Standard",
            "sku_tier": "Regional",
            "tags": {},
            "timeouts": null,
            "zones": []
          },
          "sensitive_attributes": [],
          "private": "eyJlMmJmYjczMC1lY2FhLTExZTYtOGY4OC0zNDM2M2JjN2M0YzAiOnsiY3JlYXRlIjoxODAwMDAwMDAwMDAwLCJkZWxldGUiOjE4MDAwMDAwMDAwMDAsInJlYWQiOjMwMDAwMDAwMDAwMCwidXBkYXRlIjoxODAwMDAwMDAwMDAwfX0=",
          "dependencies": [
            "azurerm_resource_group.rg"
          ]
        }
      ]
    },
    {
      "mode": "managed",
      "type": "azurerm_resource_group",
      "name": "rg",
      "provider": "provider[\"registry.terraform.io/hashicorp/azurerm\"]",
      "instances": [
        {
          "schema_version": 0,
          "attributes": {
            "id": "/subscriptions/28d04284-c72f-4f90-9316-995c3e2a8435/resourceGroups/axa-pfe-rg",
            "location": "westeurope",
            "managed_by": "",
            "name": "axa-pfe-rg",
            "tags": {},
            "timeouts": null
          },
          "sensitive_attributes": [],
          "private": "eyJlMmJmYjczMC1lY2FhLTExZTYtOGY4OC0zNDM2M2JjN2M0YzAiOnsiY3JlYXRlIjo1NDAwMDAwMDAwMDAwLCJkZWxldGUiOjU0MDAwMDAwMDAwMDAsInJlYWQiOjMwMDAwMDAwMDAwMCwidXBkYXRlIjo1NDAwMDAwMDAwMDAwfX0="
        }
      ]
    },
    {
      "mode": "managed",
      "type": "azurerm_subnet",
      "name": "subnet",
      "provider": "provider[\"registry.terraform.io/hashicorp/azurerm\"]",
      "instances": [
        {
          "schema_version": 0,
          "attributes": {
            "address_prefixes": [
              "10.0.1.0/24"
            ],
            "default_outbound_access_enabled": true,
            "delegation": [],
            "id": "/subscriptions/28d04284-c72f-4f90-9316-995c3e2a8435/resourceGroups/axa-pfe-rg/providers/Microsoft.Network/virtualNetworks/axa-pfe-vnet/subnets/axa-pfe-subnet",
            "name": "axa-pfe-subnet",
            "private_endpoint_network_policies": "Disabled",
            "private_link_service_network_policies_enabled": true,
            "resource_group_name": "axa-pfe-rg",
            "service_endpoint_policy_ids": [],
            "service_endpoints": [],
            "timeouts": null,
            "virtual_network_name": "axa-pfe-vnet"
          },
          "sensitive_attributes": [],
          "private": "eyJlMmJmYjczMC1lY2FhLTExZTYtOGY4OC0zNDM2M2JjN2M0YzAiOnsiY3JlYXRlIjoxODAwMDAwMDAwMDAwLCJkZWxldGUiOjE4MDAwMDAwMDAwMDAsInJlYWQiOjMwMDAwMDAwMDAwMCwidXBkYXRlIjoxODAwMDAwMDAwMDAwfX0=",
          "dependencies": [
            "azurerm_resource_group.rg",
            "azurerm_virtual_network.vnet"
          ]
        }
      ]
    },
    {
      "mode": "managed",
      "type": "azurerm_virtual_machine",
      "name": "vm_linux",
      "provider": "provider[\"registry.terraform.io/hashicorp/azurerm\"]",
      "instances": [
        {
          "index_key": 0,
          "schema_version": 0,
          "attributes": {
            "additional_capabilities": [],
            "availability_set_id": null,
            "boot_diagnostics": [],
            "delete_data_disks_on_termination": false,
            "delete_os_disk_on_termination": true,
            "id": "/subscriptions/28d04284-c72f-4f90-9316-995c3e2a8435/resourceGroups/axa-pfe-rg/providers/Microsoft.Compute/virtualMachines/vm-orchestrator",
            "identity": [
              {
                "identity_ids": [],
                "principal_id": "15428a81-ffbe-4702-a79b-d1bfdc593dd1",
                "tenant_id": "55e38a77-bc86-466c-9b1c-12c824445ff4",
                "type": "SystemAssigned"
              }
            ],
            "license_type": null,
            "location": "westeurope",
            "name": "vm-orchestrator",
            "network_interface_ids": [
              "/subscriptions/28d04284-c72f-4f90-9316-995c3e2a8435/resourceGroups/axa-pfe-rg/providers/Microsoft.Network/networkInterfaces/vm-orchestrator-nic"
            ],
            "os_profile": [
              {
                "admin_password": "",
                "admin_username": "adminuser",
                "computer_name": "vm-orchestrator",
                "custom_data": ""
              }
            ],
            "os_profile_linux_config": [
              {
                "disable_password_authentication": false,
                "ssh_keys": []
              }
            ],
            "os_profile_secrets": [],
            "os_profile_windows_config": [],
            "plan": [],
            "primary_network_interface_id": null,
            "proximity_placement_group_id": null,
            "resource_group_name": "axa-pfe-rg",
            "storage_data_disk": [],
            "storage_image_reference": [
              {
                "id": "",
                "offer": "0001-com-ubuntu-server-jammy",
                "publisher": "Canonical",
                "sku": "22_04-lts-gen2",
                "version": "latest"
              }
            ],
            "storage_os_disk": [
              {
                "caching": "ReadWrite",
                "create_option": "FromImage",
                "disk_size_gb": 30,
                "image_uri": "",
                "managed_disk_id": "/subscriptions/28d04284-c72f-4f90-9316-995c3e2a8435/resourceGroups/axa-pfe-rg/providers/Microsoft.Compute/disks/vm-orchestrator-osdisk",
                "managed_disk_type": "Standard_LRS",
                "name": "vm-orchestrator-osdisk",
                "os_type": "Linux",
                "vhd_uri": "",
                "write_accelerator_enabled": false
              }
            ],
            "tags": {},
            "timeouts": null,
            "vm_size": "Standard_B1ms",
            "zones": []
          },
          "sensitive_attributes": [
            [
              {
                "type": "get_attr",
                "value": "os_profile"
              }
            ]
          ],
          "private": "eyJlMmJmYjczMC1lY2FhLTExZTYtOGY4OC0zNDM2M2JjN2M0YzAiOnsiY3JlYXRlIjozNjAwMDAwMDAwMDAwLCJkZWxldGUiOjM2MDAwMDAwMDAwMDAsInJlYWQiOjMwMDAwMDAwMDAwMCwidXBkYXRlIjozNjAwMDAwMDAwMDAwfX0=",
          "dependencies": [
            "azurerm_network_interface.nic",
            "azurerm_public_ip.public_ip",
            "azurerm_resource_group.rg",
            "azurerm_subnet.subnet",
            "azurerm_virtual_network.vnet"
          ]
        },
        {
          "index_key": 1,
          "schema_version": 0,
          "attributes": {
            "additional_capabilities": [],
            "availability_set_id": null,
            "boot_diagnostics": [],
            "delete_data_disks_on_termination": false,
            "delete_os_disk_on_termination": true,
            "id": "/subscriptions/28d04284-c72f-4f90-9316-995c3e2a8435/resourceGroups/axa-pfe-rg/providers/Microsoft.Compute/virtualMachines/vm-dynatrace",
            "identity": [
              {
                "identity_ids": [],
                "principal_id": "5abf3423-34c6-4f6b-a164-550270dc38ce",
                "tenant_id": "55e38a77-bc86-466c-9b1c-12c824445ff4",
                "type": "SystemAssigned"
              }
            ],
            "license_type": null,
            "location": "westeurope",
            "name": "vm-dynatrace",
            "network_interface_ids": [
              "/subscriptions/28d04284-c72f-4f90-9316-995c3e2a8435/resourceGroups/axa-pfe-rg/providers/Microsoft.Network/networkInterfaces/vm-dynatrace-nic"
            ],
            "os_profile": [
              {
                "admin_password": "",
                "admin_username": "adminuser",
                "computer_name": "vm-dynatrace",
                "custom_data": ""
              }
            ],
            "os_profile_linux_config": [
              {
                "disable_password_authentication": false,
                "ssh_keys": []
              }
            ],
            "os_profile_secrets": [],
            "os_profile_windows_config": [],
            "plan": [],
            "primary_network_interface_id": null,
            "proximity_placement_group_id": null,
            "resource_group_name": "axa-pfe-rg",
            "storage_data_disk": [],
            "storage_image_reference": [
              {
                "id": "",
                "offer": "0001-com-ubuntu-server-jammy",
                "publisher": "Canonical",
                "sku": "22_04-lts-gen2",
                "version": "latest"
              }
            ],
            "storage_os_disk": [
              {
                "caching": "ReadWrite",
                "create_option": "FromImage",
                "disk_size_gb": 30,
                "image_uri": "",
                "managed_disk_id": "/subscriptions/28d04284-c72f-4f90-9316-995c3e2a8435/resourceGroups/AXA-PFE-RG/providers/Microsoft.Compute/disks/vm-dynatrace-osdisk",
                "managed_disk_type": "Standard_LRS",
                "name": "vm-dynatrace-osdisk",
                "os_type": "Linux",
                "vhd_uri": "",
                "write_accelerator_enabled": false
              }
            ],
            "tags": {},
            "timeouts": null,
            "vm_size": "Standard_B1ms",
            "zones": []
          },
          "sensitive_attributes": [
            [
              {
                "type": "get_attr",
                "value": "os_profile"
              }
            ]
          ],
          "private": "eyJlMmJmYjczMC1lY2FhLTExZTYtOGY4OC0zNDM2M2JjN2M0YzAiOnsiY3JlYXRlIjozNjAwMDAwMDAwMDAwLCJkZWxldGUiOjM2MDAwMDAwMDAwMDAsInJlYWQiOjMwMDAwMDAwMDAwMCwidXBkYXRlIjozNjAwMDAwMDAwMDAwfX0=",
          "dependencies": [
            "azurerm_network_interface.nic",
            "azurerm_public_ip.public_ip",
            "azurerm_resource_group.rg",
            "azurerm_subnet.subnet",
            "azurerm_virtual_network.vnet"
          ]
        },
        {
          "index_key": 2,
          "schema_version": 0,
          "attributes": {
            "additional_capabilities": [],
            "availability_set_id": null,
            "boot_diagnostics": [],
            "delete_data_disks_on_termination": false,
            "delete_os_disk_on_termination": true,
            "id": "/subscriptions/28d04284-c72f-4f90-9316-995c3e2a8435/resourceGroups/axa-pfe-rg/providers/Microsoft.Compute/virtualMachines/vm-automation",
            "identity": [
              {
                "identity_ids": [],
                "principal_id": "f54b14b1-2df0-4aae-a499-80897c3e6ff2",
                "tenant_id": "55e38a77-bc86-466c-9b1c-12c824445ff4",
                "type": "SystemAssigned"
              }
            ],
            "license_type": null,
            "location": "westeurope",
            "name": "vm-automation",
            "network_interface_ids": [
              "/subscriptions/28d04284-c72f-4f90-9316-995c3e2a8435/resourceGroups/axa-pfe-rg/providers/Microsoft.Network/networkInterfaces/vm-automation-nic"
            ],
            "os_profile": [
              {
                "admin_password": "",
                "admin_username": "adminuser",
                "computer_name": "vm-automation",
                "custom_data": ""
              }
            ],
            "os_profile_linux_config": [
              {
                "disable_password_authentication": false,
                "ssh_keys": []
              }
            ],
            "os_profile_secrets": [],
            "os_profile_windows_config": [],
            "plan": [],
            "primary_network_interface_id": null,
            "proximity_placement_group_id": null,
            "resource_group_name": "axa-pfe-rg",
            "storage_data_disk": [],
            "storage_image_reference": [
              {
                "id": "",
                "offer": "0001-com-ubuntu-server-jammy",
                "publisher": "Canonical",
                "sku": "22_04-lts-gen2",
                "version": "latest"
              }
            ],
            "storage_os_disk": [
              {
                "caching": "ReadWrite",
                "create_option": "FromImage",
                "disk_size_gb": 30,
                "image_uri": "",
                "managed_disk_id": "/subscriptions/28d04284-c72f-4f90-9316-995c3e2a8435/resourceGroups/axa-pfe-rg/providers/Microsoft.Compute/disks/vm-automation-osdisk",
                "managed_disk_type": "Standard_LRS",
                "name": "vm-automation-osdisk",
                "os_type": "Linux",
                "vhd_uri": "",
                "write_accelerator_enabled": false
              }
            ],
            "tags": {},
            "timeouts": null,
            "vm_size": "Standard_B1s",
            "zones": []
          },
          "sensitive_attributes": [
            [
              {
                "type": "get_attr",
                "value": "os_profile"
              }
            ]
          ],
          "private": "eyJlMmJmYjczMC1lY2FhLTExZTYtOGY4OC0zNDM2M2JjN2M0YzAiOnsiY3JlYXRlIjozNjAwMDAwMDAwMDAwLCJkZWxldGUiOjM2MDAwMDAwMDAwMDAsInJlYWQiOjMwMDAwMDAwMDAwMCwidXBkYXRlIjozNjAwMDAwMDAwMDAwfX0=",
          "dependencies": [
            "azurerm_network_interface.nic",
            "azurerm_public_ip.public_ip",
            "azurerm_resource_group.rg",
            "azurerm_subnet.subnet",
            "azurerm_virtual_network.vnet"
          ]
        },
        {
          "index_key": 3,
          "schema_version": 0,
          "attributes": {
            "additional_capabilities": [],
            "availability_set_id": null,
            "boot_diagnostics": [],
            "delete_data_disks_on_termination": false,
            "delete_os_disk_on_termination": true,
            "id": "/subscriptions/28d04284-c72f-4f90-9316-995c3e2a8435/resourceGroups/axa-pfe-rg/providers/Microsoft.Compute/virtualMachines/vm-backup",
            "identity": [
              {
                "identity_ids": [],
                "principal_id": "31d00edd-0cd5-46a2-90ed-70e4fad611ad",
                "tenant_id": "55e38a77-bc86-466c-9b1c-12c824445ff4",
                "type": "SystemAssigned"
              }
            ],
            "license_type": null,
            "location": "westeurope",
            "name": "vm-backup",
            "network_interface_ids": [
              "/subscriptions/28d04284-c72f-4f90-9316-995c3e2a8435/resourceGroups/axa-pfe-rg/providers/Microsoft.Network/networkInterfaces/vm-backup-nic"
            ],
            "os_profile": [
              {
                "admin_password": "",
                "admin_username": "adminuser",
                "computer_name": "vm-backup",
                "custom_data": ""
              }
            ],
            "os_profile_linux_config": [
              {
                "disable_password_authentication": false,
                "ssh_keys": []
              }
            ],
            "os_profile_secrets": [],
            "os_profile_windows_config": [],
            "plan": [],
            "primary_network_interface_id": null,
            "proximity_placement_group_id": null,
            "resource_group_name": "axa-pfe-rg",
            "storage_data_disk": [],
            "storage_image_reference": [
              {
                "id": "",
                "offer": "0001-com-ubuntu-server-jammy",
                "publisher": "Canonical",
                "sku": "22_04-lts-gen2",
                "version": "latest"
              }
            ],
            "storage_os_disk": [
              {
                "caching": "ReadWrite",
                "create_option": "FromImage",
                "disk_size_gb": 30,
                "image_uri": "",
                "managed_disk_id": "/subscriptions/28d04284-c72f-4f90-9316-995c3e2a8435/resourceGroups/axa-pfe-rg/providers/Microsoft.Compute/disks/vm-backup-osdisk",
                "managed_disk_type": "Standard_LRS",
                "name": "vm-backup-osdisk",
                "os_type": "Linux",
                "vhd_uri": "",
                "write_accelerator_enabled": false
              }
            ],
            "tags": {},
            "timeouts": null,
            "vm_size": "Standard_B1s",
            "zones": []
          },
          "sensitive_attributes": [
            [
              {
                "type": "get_attr",
                "value": "os_profile"
              }
            ]
          ],
          "private": "eyJlMmJmYjczMC1lY2FhLTExZTYtOGY4OC0zNDM2M2JjN2M0YzAiOnsiY3JlYXRlIjozNjAwMDAwMDAwMDAwLCJkZWxldGUiOjM2MDAwMDAwMDAwMDAsInJlYWQiOjMwMDAwMDAwMDAwMCwidXBkYXRlIjozNjAwMDAwMDAwMDAwfX0=",
          "dependencies": [
            "azurerm_network_interface.nic",
            "azurerm_public_ip.public_ip",
            "azurerm_resource_group.rg",
            "azurerm_subnet.subnet",
            "azurerm_virtual_network.vnet"
          ]
        }
      ]
    },
    {
      "mode": "managed",
      "type": "azurerm_virtual_network",
      "name": "vnet",
      "provider": "provider[\"registry.terraform.io/hashicorp/azurerm\"]",
      "instances": [
        {
          "schema_version": 0,
          "attributes": {
            "address_space": [
              "10.0.0.0/16"
            ],
            "bgp_community": "",
            "ddos_protection_plan": [],
            "dns_servers": [],
            "edge_zone": "",
            "encryption": [],
            "flow_timeout_in_minutes": 0,
            "guid": "73296951-1b1e-4a20-ab8a-a0284e8a06f7",
            "id": "/subscriptions/28d04284-c72f-4f90-9316-995c3e2a8435/resourceGroups/axa-pfe-rg/providers/Microsoft.Network/virtualNetworks/axa-pfe-vnet",
            "location": "westeurope",
            "name": "axa-pfe-vnet",
            "private_endpoint_vnet_policies": "Disabled",
            "resource_group_name": "axa-pfe-rg",
            "subnet": [
              {
                "address_prefixes": [
                  "10.0.1.0/24"
                ],
                "default_outbound_access_enabled": true,
                "delegation": [],
                "id": "/subscriptions/28d04284-c72f-4f90-9316-995c3e2a8435/resourceGroups/axa-pfe-rg/providers/Microsoft.Network/virtualNetworks/axa-pfe-vnet/subnets/axa-pfe-subnet",
                "name": "axa-pfe-subnet",
                "private_endpoint_network_policies": "Disabled",
                "private_link_service_network_policies_enabled": true,
                "route_table_id": "",
                "security_group": "",
                "service_endpoint_policy_ids": [],
                "service_endpoints": []
              }
            ],
            "tags": {},
            "timeouts": null
          },
          "sensitive_attributes": [],
          "private": "eyJlMmJmYjczMC1lY2FhLTExZTYtOGY4OC0zNDM2M2JjN2M0YzAiOnsiY3JlYXRlIjoxODAwMDAwMDAwMDAwLCJkZWxldGUiOjE4MDAwMDAwMDAwMDAsInJlYWQiOjMwMDAwMDAwMDAwMCwidXBkYXRlIjoxODAwMDAwMDAwMDAwfX0=",
          "dependencies": [
            "azurerm_resource_group.rg"
          ]
        }
      ]
    }
  ],
  "check_results": null
}
